
Microsoft Visual Studio Solution File, Format Version 12.00
# Visual Studio Version 17
VisualStudioVersion = 17.14.36327.8
MinimumVisualStudioVersion = 10.0.40219.1
Project("{FAE04EC0-301F-11D3-BF4B-00C04F79EFBC}") = "Leiturinha", "Leiturinha.csproj", "{94BD032B-EE1A-4243-8A82-405F1635B940}"
EndProject
Global
	GlobalSection(SolutionConfigurationPlatforms) = preSolution
		Debug|Any CPU = Debug|Any CPU
		Release|Any CPU = Release|Any CPU
	EndGlobalSection
	GlobalSection(ProjectConfigurationPlatforms) = postSolution
		{94BD032B-EE1A-4243-8A82-405F1635B940}.Debug|Any CPU.ActiveCfg = Debug|Any CPU
		{94BD032B-EE1A-4243-8A82-405F1635B940}.Debug|Any CPU.Build.0 = Debug|Any CPU
		{94BD032B-EE1A-4243-8A82-405F1635B940}.Release|Any CPU.ActiveCfg = Release|Any CPU
		{94BD032B-EE1A-4243-8A82-405F1635B940}.Release|Any CPU.Build.0 = Release|Any CPU
	EndGlobalSection
	GlobalSection(SolutionProperties) = preSolution
		HideSolutionNode = FALSE
	EndGlobalSection
	GlobalSection(ExtensibilityGlobals) = postSolution
		SolutionGuid = {F55EBEAA-6D2A-4062-80E4-738D18FD2FF3}
	EndGlobalSection
EndGlobal
